
Microsoft Visual Studio Solution File, Format Version 12.00
# Visual Studio 15
VisualStudioVersion = 15.0.26730.16
MinimumVisualStudioVersion = 10.0.40219.1
Project("{FAE04EC0-301F-11D3-BF4B-00C04F79EFBC}") = "Bookmaker", "WebApplication1\Bookmaker.csproj", "{F23A8834-A23C-4A97-A8FD-8BE1B3787758}"
EndProject
Global
	GlobalSection(SolutionConfigurationPlatforms) = preSolution
		Debug|Any CPU = Debug|Any CPU
		Release|Any CPU = Release|Any CPU
	EndGlobalSection
	GlobalSection(ProjectConfigurationPlatforms) = postSolution
		{F23A8834-A23C-4A97-A8FD-8BE1B3787758}.Debug|Any CPU.ActiveCfg = Debug|Any CPU
		{F23A8834-A23C-4A97-A8FD-8BE1B3787758}.Debug|Any CPU.Build.0 = Debug|Any CPU
		{F23A8834-A23C-4A97-A8FD-8BE1B3787758}.Release|Any CPU.ActiveCfg = Release|Any CPU
		{F23A8834-A23C-4A97-A8FD-8BE1B3787758}.Release|Any CPU.Build.0 = Release|Any CPU
	EndGlobalSection
	GlobalSection(SolutionProperties) = preSolution
		HideSolutionNode = FALSE
	EndGlobalSection
	GlobalSection(ExtensibilityGlobals) = postSolution
		SolutionGuid = {E2CE4525-C60C-444A-9690-F09D4570FC98}
	EndGlobalSection
EndGlobal
